# This file is generated by running "yarn install" inside your project.
# Manual changes might be lost - proceed with caution!

__metadata:
  version: 8
  cacheKey: 10c0

"@shopify/react-native-skia@npm:v2.0.0-next.4":
  version: 2.0.0-next.4
  resolution: "@shopify/react-native-skia@npm:2.0.0-next.4"
  dependencies:
    canvaskit-wasm: "npm:0.40.0"
    react-reconciler: "npm:0.31.0"
  peerDependencies:
    react: ">=19.0"
    react-native: ">=0.78"
    react-native-reanimated: ^3.0
  peerDependenciesMeta:
    react-native:
      optional: true
    react-native-reanimated:
      optional: true
  bin:
    setup-skia-web: scripts/setup-canvaskit.js
  checksum: 10c0/a1b7be938dec0fa82d54d5271c6deed13bf149843ddb03cc3353cfd06f559fd8fec81d3d89dad21df0c1b99ba048615191bf99270d985cb6ccef22c4e099c3e0
  languageName: node
  linkType: hard

"@types/node@npm:^22.5.4":
  version: 22.15.30
  resolution: "@types/node@npm:22.15.30"
  dependencies:
    undici-types: "npm:~6.21.0"
  checksum: 10c0/ca330ac0e7fd502686d6df115fcc606aba46fd334220f749bbba2f639accdadcb23f7900603ceccdc8240be736739cad5c0b87c0fa92c9255a4dff245f07d664
  languageName: node
  linkType: hard

"@types/react@npm:^19.0.10":
  version: 19.1.6
  resolution: "@types/react@npm:19.1.6"
  dependencies:
    csstype: "npm:^3.0.2"
  checksum: 10c0/8b10b198e28997b3c57559750f8bcf5ae7b33c554b16b6f4fe2ece1d4de6a2fc8cb53e7effe08ec9cb939d2f479eb97c5e08aac2cf83b10a90164fe451cc8ea2
  languageName: node
  linkType: hard

"@webgpu/types@npm:0.1.21":
  version: 0.1.21
  resolution: "@webgpu/types@npm:0.1.21"
  checksum: 10c0/74de9683b70064aeadcdd31381747650b323e7e2183fb38f90a35f1a79f80ad267c0a2ee5010c264befb3d31ad213dbdffa04897e2808f6b04feff8d66bc53e0
  languageName: node
  linkType: hard

"canvaskit-wasm@npm:0.40.0":
  version: 0.40.0
  resolution: "canvaskit-wasm@npm:0.40.0"
  dependencies:
    "@webgpu/types": "npm:0.1.21"
  checksum: 10c0/dde817c0ef979a67afad4ac3adf31c03133af2592efec17f715a98508fdf801104fbf05af29723fb39b4d8b2798ce5306bb3cb5c062209d9d90a750430f3361d
  languageName: node
  linkType: hard

"csstype@npm:^3.0.2":
  version: 3.1.3
  resolution: "csstype@npm:3.1.3"
  checksum: 10c0/80c089d6f7e0c5b2bd83cf0539ab41474198579584fa10d86d0cafe0642202343cbc119e076a0b1aece191989477081415d66c9fefbf3c957fc2fc4b7009f248
  languageName: node
  linkType: hard

"node-react@workspace:.":
  version: 0.0.0-use.local
  resolution: "node-react@workspace:."
  dependencies:
    "@shopify/react-native-skia": "npm:v2.0.0-next.4"
    "@types/node": "npm:^22.5.4"
    "@types/react": "npm:^19.0.10"
    react: "npm:^19.0.0"
    typescript: "npm:^5.5.4"
  languageName: unknown
  linkType: soft

"react-reconciler@npm:0.31.0":
  version: 0.31.0
  resolution: "react-reconciler@npm:0.31.0"
  dependencies:
    scheduler: "npm:^0.25.0"
  peerDependencies:
    react: ^19.0.0
  checksum: 10c0/97920e1866c7206e200c3920c133c2e85f62a3c54fd9bc4b83c10c558d83d98eb378caab4fe37498e0cc1b1b2665d898627f2ae2537b29c8ab295ec8abc0c580
  languageName: node
  linkType: hard

"react@npm:^19.0.0":
  version: 19.1.0
  resolution: "react@npm:19.1.0"
  checksum: 10c0/530fb9a62237d54137a13d2cfb67a7db6a2156faed43eecc423f4713d9b20c6f2728b026b45e28fcd72e8eadb9e9ed4b089e99f5e295d2f0ad3134251bdd3698
  languageName: node
  linkType: hard

"scheduler@npm:^0.25.0":
  version: 0.25.0
  resolution: "scheduler@npm:0.25.0"
  checksum: 10c0/a4bb1da406b613ce72c1299db43759526058fdcc413999c3c3e0db8956df7633acf395cb20eb2303b6a65d658d66b6585d344460abaee8080b4aa931f10eaafe
  languageName: node
  linkType: hard

"typescript@npm:^5.5.4":
  version: 5.8.3
  resolution: "typescript@npm:5.8.3"
  bin:
    tsc: bin/tsc
    tsserver: bin/tsserver
  checksum: 10c0/5f8bb01196e542e64d44db3d16ee0e4063ce4f3e3966df6005f2588e86d91c03e1fb131c2581baf0fb65ee79669eea6e161cd448178986587e9f6844446dbb48
  languageName: node
  linkType: hard

"typescript@patch:typescript@npm%3A^5.5.4#optional!builtin<compat/typescript>":
  version: 5.8.3
  resolution: "typescript@patch:typescript@npm%3A5.8.3#optional!builtin<compat/typescript>::version=5.8.3&hash=5786d5"
  bin:
    tsc: bin/tsc
    tsserver: bin/tsserver
  checksum: 10c0/39117e346ff8ebd87ae1510b3a77d5d92dae5a89bde588c747d25da5c146603a99c8ee588c7ef80faaf123d89ed46f6dbd918d534d641083177d5fac38b8a1cb
  languageName: node
  linkType: hard

"undici-types@npm:~6.21.0":
  version: 6.21.0
  resolution: "undici-types@npm:6.21.0"
  checksum: 10c0/c01ed51829b10aa72fc3ce64b747f8e74ae9b60eafa19a7b46ef624403508a54c526ffab06a14a26b3120d055e1104d7abe7c9017e83ced038ea5cf52f8d5e04
  languageName: node
  linkType: hard
